# This file is automatically @generated by Cargo.
# It is not intended for manual editing.
version = 3

[[package]]
name = "minigrep"
version = "0.1.0"

[[package]]
name = "rs-10"
version = "0.1.0"

[[package]]
name = "rs-11"
version = "0.1.0"

[[package]]
name = "rs-13"
version = "0.1.0"

[[package]]
name = "rs-15"
version = "0.1.0"

[[package]]
name = "rs-16"
version = "0.1.0"
